
Microsoft Visual Studio Solution File, Format Version 12.00
# Visual Studio Version 17
VisualStudioVersion = 17.14.36623.8 d17.14
MinimumVisualStudioVersion = 10.0.40219.1
Project("{FAE04EC0-301F-11D3-BF4B-00C04F79EFBC}") = "OOP_CS", "OOP_CS\OOP_CS.csproj", "{56F27D5B-5239-4216-8541-348F9379E0F4}"
EndProject
Global
	GlobalSection(SolutionConfigurationPlatforms) = preSolution
		Debug|Any CPU = Debug|Any CPU
		Release|Any CPU = Release|Any CPU
	EndGlobalSection
	GlobalSection(ProjectConfigurationPlatforms) = postSolution
		{56F27D5B-5239-4216-8541-348F9379E0F4}.Debug|Any CPU.ActiveCfg = Debug|Any CPU
		{56F27D5B-5239-4216-8541-348F9379E0F4}.Debug|Any CPU.Build.0 = Debug|Any CPU
		{56F27D5B-5239-4216-8541-348F9379E0F4}.Release|Any CPU.ActiveCfg = Release|Any CPU
		{56F27D5B-5239-4216-8541-348F9379E0F4}.Release|Any CPU.Build.0 = Release|Any CPU
	EndGlobalSection
	GlobalSection(SolutionProperties) = preSolution
		HideSolutionNode = FALSE
	EndGlobalSection
	GlobalSection(ExtensibilityGlobals) = postSolution
		SolutionGuid = {420BA3D7-BA5C-4E32-BAAD-E1E25D05E2E2}
	EndGlobalSection
EndGlobal
